
Microsoft Visual Studio Solution File, Format Version 12.00
# Visual Studio Version 17
VisualStudioVersion = 17.0.31903.59
MinimumVisualStudioVersion = 10.0.40219.1
Project("{2150E333-8FDC-42A3-9474-1A3956D46DE8}") = "tests", "tests", "{0AB3BF05-4346-4AA6-1389-037BE0695223}"
EndProject
Project("{FAE04EC0-301F-11D3-BF4B-00C04F79EFBC}") = "EconomIA.UnitTests", "tests\EconomIA.UnitTests\EconomIA.UnitTests.csproj", "{583B2FFF-BE42-471D-AACD-E18CDD4A1885}"
EndProject
Project("{FAE04EC0-301F-11D3-BF4B-00C04F79EFBC}") = "EconomIA.IntegrationTests", "tests\EconomIA.IntegrationTests\EconomIA.IntegrationTests.csproj", "{A75AF711-BACE-415F-A198-7EC08D4A7DD9}"
EndProject
Project("{FAE04EC0-301F-11D3-BF4B-00C04F79EFBC}") = "EconomIA.Application.Tests", "tests\EconomIA.Application.Tests\EconomIA.Application.Tests.csproj", "{1F5B9F26-4076-476D-9D2F-AA7142DA3D52}"
EndProject
Project("{2150E333-8FDC-42A3-9474-1A3956D46DE8}") = "src", "src", "{02EA681E-C7D8-13C7-8484-4AC65E1B71E8}"
EndProject
Project("{2150E333-8FDC-42A3-9474-1A3956D46DE8}") = "backend", "backend", "{414021B5-7035-42E1-A635-588F7C2DF54E}"
EndProject
Project("{2150E333-8FDC-42A3-9474-1A3956D46DE8}") = "docs", "docs", "{DA73BAC7-C2BF-4A87-809D-B5574ADE046E}"
EndProject
Project("{FAE04EC0-301F-11D3-BF4B-00C04F79EFBC}") = "EconomIA.API", "src\backend\EconomIA.API\EconomIA.API.csproj", "{0CB13C37-219C-8CEA-94F5-68F634041BC5}"
EndProject
Project("{FAE04EC0-301F-11D3-BF4B-00C04F79EFBC}") = "EconomIA.Application", "src\backend\EconomIA.Application\EconomIA.Application.csproj", "{9DCB67D3-93F7-103F-5ED5-DB561447298F}"
EndProject
Project("{FAE04EC0-301F-11D3-BF4B-00C04F79EFBC}") = "EconomIA.Domain", "src\backend\EconomIA.Domain\EconomIA.Domain.csproj", "{CF5304B3-1336-0E05-1243-422C9E73046B}"
EndProject
Project("{FAE04EC0-301F-11D3-BF4B-00C04F79EFBC}") = "EconomIA.Infrastructure", "src\backend\EconomIA.Infrastructure\EconomIA.Infrastructure.csproj", "{25E4755F-34BA-4983-05B8-9CD23AA17C0B}"
EndProject
Global
	GlobalSection(SolutionConfigurationPlatforms) = preSolution
		Debug|Any CPU = Debug|Any CPU
		Debug|x64 = Debug|x64
		Debug|x86 = Debug|x86
		Release|Any CPU = Release|Any CPU
		Release|x64 = Release|x64
		Release|x86 = Release|x86
	EndGlobalSection
	GlobalSection(ProjectConfigurationPlatforms) = postSolution
		{583B2FFF-BE42-471D-AACD-E18CDD4A1885}.Debug|Any CPU.ActiveCfg = Debug|Any CPU
		{583B2FFF-BE42-471D-AACD-E18CDD4A1885}.Debug|Any CPU.Build.0 = Debug|Any CPU
		{583B2FFF-BE42-471D-AACD-E18CDD4A1885}.Debug|x64.ActiveCfg = Debug|Any CPU
		{583B2FFF-BE42-471D-AACD-E18CDD4A1885}.Debug|x64.Build.0 = Debug|Any CPU
		{583B2FFF-BE42-471D-AACD-E18CDD4A1885}.Debug|x86.ActiveCfg = Debug|Any CPU
		{583B2FFF-BE42-471D-AACD-E18CDD4A1885}.Debug|x86.Build.0 = Debug|Any CPU
		{583B2FFF-BE42-471D-AACD-E18CDD4A1885}.Release|Any CPU.ActiveCfg = Release|Any CPU
		{583B2FFF-BE42-471D-AACD-E18CDD4A1885}.Release|Any CPU.Build.0 = Release|Any CPU
		{583B2FFF-BE42-471D-AACD-E18CDD4A1885}.Release|x64.ActiveCfg = Release|Any CPU
		{583B2FFF-BE42-471D-AACD-E18CDD4A1885}.Release|x64.Build.0 = Release|Any CPU
		{583B2FFF-BE42-471D-AACD-E18CDD4A1885}.Release|x86.ActiveCfg = Release|Any CPU
		{583B2FFF-BE42-471D-AACD-E18CDD4A1885}.Release|x86.Build.0 = Release|Any CPU
		{A75AF711-BACE-415F-A198-7EC08D4A7DD9}.Debug|Any CPU.ActiveCfg = Debug|Any CPU
		{A75AF711-BACE-415F-A198-7EC08D4A7DD9}.Debug|Any CPU.Build.0 = Debug|Any CPU
		{A75AF711-BACE-415F-A198-7EC08D4A7DD9}.Debug|x64.ActiveCfg = Debug|Any CPU
		{A75AF711-BACE-415F-A198-7EC08D4A7DD9}.Debug|x64.Build.0 = Debug|Any CPU
		{A75AF711-BACE-415F-A198-7EC08D4A7DD9}.Debug|x86.ActiveCfg = Debug|Any CPU
		{A75AF711-BACE-415F-A198-7EC08D4A7DD9}.Debug|x86.Build.0 = Debug|Any CPU
		{A75AF711-BACE-415F-A198-7EC08D4A7DD9}.Release|Any CPU.ActiveCfg = Release|Any CPU
		{A75AF711-BACE-415F-A198-7EC08D4A7DD9}.Release|Any CPU.Build.0 = Release|Any CPU
		{A75AF711-BACE-415F-A198-7EC08D4A7DD9}.Release|x64.ActiveCfg = Release|Any CPU
		{A75AF711-BACE-415F-A198-7EC08D4A7DD9}.Release|x64.Build.0 = Release|Any CPU
		{A75AF711-BACE-415F-A198-7EC08D4A7DD9}.Release|x86.ActiveCfg = Release|Any CPU
		{A75AF711-BACE-415F-A198-7EC08D4A7DD9}.Release|x86.Build.0 = Release|Any CPU
		{1F5B9F26-4076-476D-9D2F-AA7142DA3D52}.Debug|Any CPU.ActiveCfg = Debug|Any CPU
		{1F5B9F26-4076-476D-9D2F-AA7142DA3D52}.Debug|Any CPU.Build.0 = Debug|Any CPU
		{1F5B9F26-4076-476D-9D2F-AA7142DA3D52}.Debug|x64.ActiveCfg = Debug|Any CPU
		{1F5B9F26-4076-476D-9D2F-AA7142DA3D52}.Debug|x64.Build.0 = Debug|Any CPU
		{1F5B9F26-4076-476D-9D2F-AA7142DA3D52}.Debug|x86.ActiveCfg = Debug|Any CPU
		{1F5B9F26-4076-476D-9D2F-AA7142DA3D52}.Debug|x86.Build.0 = Debug|Any CPU
		{1F5B9F26-4076-476D-9D2F-AA7142DA3D52}.Release|Any CPU.ActiveCfg = Release|Any CPU
		{1F5B9F26-4076-476D-9D2F-AA7142DA3D52}.Release|Any CPU.Build.0 = Release|Any CPU
		{1F5B9F26-4076-476D-9D2F-AA7142DA3D52}.Release|x64.ActiveCfg = Release|Any CPU
		{1F5B9F26-4076-476D-9D2F-AA7142DA3D52}.Release|x64.Build.0 = Release|Any CPU
		{1F5B9F26-4076-476D-9D2F-AA7142DA3D52}.Release|x86.ActiveCfg = Release|Any CPU
		{1F5B9F26-4076-476D-9D2F-AA7142DA3D52}.Release|x86.Build.0 = Release|Any CPU
		{0CB13C37-219C-8CEA-94F5-68F634041BC5}.Debug|Any CPU.ActiveCfg = Debug|Any CPU
		{0CB13C37-219C-8CEA-94F5-68F634041BC5}.Debug|Any CPU.Build.0 = Debug|Any CPU
		{0CB13C37-219C-8CEA-94F5-68F634041BC5}.Debug|x64.ActiveCfg = Debug|Any CPU
		{0CB13C37-219C-8CEA-94F5-68F634041BC5}.Debug|x64.Build.0 = Debug|Any CPU
		{0CB13C37-219C-8CEA-94F5-68F634041BC5}.Debug|x86.ActiveCfg = Debug|Any CPU
		{0CB13C37-219C-8CEA-94F5-68F634041BC5}.Debug|x86.Build.0 = Debug|Any CPU
		{0CB13C37-219C-8CEA-94F5-68F634041BC5}.Release|Any CPU.ActiveCfg = Release|Any CPU
		{0CB13C37-219C-8CEA-94F5-68F634041BC5}.Release|Any CPU.Build.0 = Release|Any CPU
		{0CB13C37-219C-8CEA-94F5-68F634041BC5}.Release|x64.ActiveCfg = Release|Any CPU
		{0CB13C37-219C-8CEA-94F5-68F634041BC5}.Release|x64.Build.0 = Release|Any CPU
		{0CB13C37-219C-8CEA-94F5-68F634041BC5}.Release|x86.ActiveCfg = Release|Any CPU
		{0CB13C37-219C-8CEA-94F5-68F634041BC5}.Release|x86.Build.0 = Release|Any CPU
		{9DCB67D3-93F7-103F-5ED5-DB561447298F}.Debug|Any CPU.ActiveCfg = Debug|Any CPU
		{9DCB67D3-93F7-103F-5ED5-DB561447298F}.Debug|Any CPU.Build.0 = Debug|Any CPU
		{9DCB67D3-93F7-103F-5ED5-DB561447298F}.Debug|x64.ActiveCfg = Debug|Any CPU
		{9DCB67D3-93F7-103F-5ED5-DB561447298F}.Debug|x64.Build.0 = Debug|Any CPU
		{9DCB67D3-93F7-103F-5ED5-DB561447298F}.Debug|x86.ActiveCfg = Debug|Any CPU
		{9DCB67D3-93F7-103F-5ED5-DB561447298F}.Debug|x86.Build.0 = Debug|Any CPU
		{9DCB67D3-93F7-103F-5ED5-DB561447298F}.Release|Any CPU.ActiveCfg = Release|Any CPU
		{9DCB67D3-93F7-103F-5ED5-DB561447298F}.Release|Any CPU.Build.0 = Release|Any CPU
		{9DCB67D3-93F7-103F-5ED5-DB561447298F}.Release|x64.ActiveCfg = Release|Any CPU
		{9DCB67D3-93F7-103F-5ED5-DB561447298F}.Release|x64.Build.0 = Release|Any CPU
		{9DCB67D3-93F7-103F-5ED5-DB561447298F}.Release|x86.ActiveCfg = Release|Any CPU
		{9DCB67D3-93F7-103F-5ED5-DB561447298F}.Release|x86.Build.0 = Release|Any CPU
		{CF5304B3-1336-0E05-1243-422C9E73046B}.Debug|Any CPU.ActiveCfg = Debug|Any CPU
		{CF5304B3-1336-0E05-1243-422C9E73046B}.Debug|Any CPU.Build.0 = Debug|Any CPU
		{CF5304B3-1336-0E05-1243-422C9E73046B}.Debug|x64.ActiveCfg = Debug|Any CPU
		{CF5304B3-1336-0E05-1243-422C9E73046B}.Debug|x64.Build.0 = Debug|Any CPU
		{CF5304B3-1336-0E05-1243-422C9E73046B}.Debug|x86.ActiveCfg = Debug|Any CPU
		{CF5304B3-1336-0E05-1243-422C9E73046B}.Debug|x86.Build.0 = Debug|Any CPU
		{CF5304B3-1336-0E05-1243-422C9E73046B}.Release|Any CPU.ActiveCfg = Release|Any CPU
		{CF5304B3-1336-0E05-1243-422C9E73046B}.Release|Any CPU.Build.0 = Release|Any CPU
		{CF5304B3-1336-0E05-1243-422C9E73046B}.Release|x64.ActiveCfg = Release|Any CPU
		{CF5304B3-1336-0E05-1243-422C9E73046B}.Release|x64.Build.0 = Release|Any CPU
		{CF5304B3-1336-0E05-1243-422C9E73046B}.Release|x86.ActiveCfg = Release|Any CPU
		{CF5304B3-1336-0E05-1243-422C9E73046B}.Release|x86.Build.0 = Release|Any CPU
		{25E4755F-34BA-4983-05B8-9CD23AA17C0B}.Debug|Any CPU.ActiveCfg = Debug|Any CPU
		{25E4755F-34BA-4983-05B8-9CD23AA17C0B}.Debug|Any CPU.Build.0 = Debug|Any CPU
		{25E4755F-34BA-4983-05B8-9CD23AA17C0B}.Debug|x64.ActiveCfg = Debug|Any CPU
		{25E4755F-34BA-4983-05B8-9CD23AA17C0B}.Debug|x64.Build.0 = Debug|Any CPU
		{25E4755F-34BA-4983-05B8-9CD23AA17C0B}.Debug|x86.ActiveCfg = Debug|Any CPU
		{25E4755F-34BA-4983-05B8-9CD23AA17C0B}.Debug|x86.Build.0 = Debug|Any CPU
		{25E4755F-34BA-4983-05B8-9CD23AA17C0B}.Release|Any CPU.ActiveCfg = Release|Any CPU
		{25E4755F-34BA-4983-05B8-9CD23AA17C0B}.Release|Any CPU.Build.0 = Release|Any CPU
		{25E4755F-34BA-4983-05B8-9CD23AA17C0B}.Release|x64.ActiveCfg = Release|Any CPU
		{25E4755F-34BA-4983-05B8-9CD23AA17C0B}.Release|x64.Build.0 = Release|Any CPU
		{25E4755F-34BA-4983-05B8-9CD23AA17C0B}.Release|x86.ActiveCfg = Release|Any CPU
		{25E4755F-34BA-4983-05B8-9CD23AA17C0B}.Release|x86.Build.0 = Release|Any CPU
	EndGlobalSection
	GlobalSection(SolutionProperties) = preSolution
		HideSolutionNode = FALSE
	EndGlobalSection
	GlobalSection(NestedProjects) = preSolution
		{583B2FFF-BE42-471D-AACD-E18CDD4A1885} = {0AB3BF05-4346-4AA6-1389-037BE0695223}
		{A75AF711-BACE-415F-A198-7EC08D4A7DD9} = {0AB3BF05-4346-4AA6-1389-037BE0695223}
		{1F5B9F26-4076-476D-9D2F-AA7142DA3D52} = {0AB3BF05-4346-4AA6-1389-037BE0695223}
		{414021B5-7035-42E1-A635-588F7C2DF54E} = {02EA681E-C7D8-13C7-8484-4AC65E1B71E8}
		{0CB13C37-219C-8CEA-94F5-68F634041BC5} = {414021B5-7035-42E1-A635-588F7C2DF54E}
		{9DCB67D3-93F7-103F-5ED5-DB561447298F} = {414021B5-7035-42E1-A635-588F7C2DF54E}
		{CF5304B3-1336-0E05-1243-422C9E73046B} = {414021B5-7035-42E1-A635-588F7C2DF54E}
		{25E4755F-34BA-4983-05B8-9CD23AA17C0B} = {414021B5-7035-42E1-A635-588F7C2DF54E}
	EndGlobalSection
	GlobalSection(ExtensibilityGlobals) = postSolution
		SolutionGuid = {0451B790-865A-48EA-B983-F1A4E9EFA1BD}
	EndGlobalSection
EndGlobal
